// !$*UTF8*$!
{
	archiveVersion = 1;
	classes = {
	};
	objectVersion = 46;
	objects = {

/* Begin PBXBuildFile section */
		320AF8492C47A4D819F7C451 /* QuartzCore.framework in Frameworks */ = {isa = PBXBuildFile; fileRef = 320AF8492C47A4D819F7C450 /* QuartzCore.framework */; };
		7749D82C14E38B6300B46C1E /* MMMediaViewController.m in Sources */ = {isa = PBXBuildFile; fileRef = 7749D82B14E38B6300B46C1E /* MMMediaViewController.m */; };
		774AA78114E8D39500883E5F /* MMEpisodePlayViewController.m in Sources */ = {isa = PBXBuildFile; fileRef = 774AA78014E8D39500883E5F /* MMEpisodePlayViewController.m */; };
		77E5D26414E224DB00FAA1A3 /* UIKit.framework in Frameworks */ = {isa = PBXBuildFile; fileRef = 77E5D26314E224DB00FAA1A3 /* UIKit.framework */; };
		77E5D26614E224DB00FAA1A3 /* Foundation.framework in Frameworks */ = {isa = PBXBuildFile; fileRef = 77E5D26514E224DB00FAA1A3 /* Foundation.framework */; };
		77E5D26814E224DB00FAA1A3 /* CoreGraphics.framework in Frameworks */ = {isa = PBXBuildFile; fileRef = 77E5D26714E224DB00FAA1A3 /* CoreGraphics.framework */; };
		77E5D26E14E224DB00FAA1A3 /* InfoPlist.strings in Resources */ = {isa = PBXBuildFile; fileRef = 77E5D26C14E224DB00FAA1A3 /* InfoPlist.strings */; };
		77E5D27014E224DB00FAA1A3 /* main.m in Sources */ = {isa = PBXBuildFile; fileRef = 77E5D26F14E224DB00FAA1A3 /* main.m */; };
		77E5D27414E224DB00FAA1A3 /* MMAppDelegate.m in Sources */ = {isa = PBXBuildFile; fileRef = 77E5D27314E224DB00FAA1A3 /* MMAppDelegate.m */; };
		77E5D27714E224DB00FAA1A3 /* MainStoryboard_iPhone.storyboard in Resources */ = {isa = PBXBuildFile; fileRef = 77E5D27514E224DB00FAA1A3 /* MainStoryboard_iPhone.storyboard */; };
		77E5D27A14E224DB00FAA1A3 /* MainStoryboard_iPad.storyboard in Resources */ = {isa = PBXBuildFile; fileRef = 77E5D27814E224DB00FAA1A3 /* MainStoryboard_iPad.storyboard */; };
		77E5D27D14E224DB00FAA1A3 /* MMEpisodeListViewController.m in Sources */ = {isa = PBXBuildFile; fileRef = 77E5D27C14E224DB00FAA1A3 /* MMEpisodeListViewController.m */; };
		77E5D27F14E224DB00FAA1A3 /* first.png in Resources */ = {isa = PBXBuildFile; fileRef = 77E5D27E14E224DB00FAA1A3 /* first.png */; };
		77E5D28114E224DB00FAA1A3 /* first@2x.png in Resources */ = {isa = PBXBuildFile; fileRef = 77E5D28014E224DB00FAA1A3 /* first@2x.png */; };
		77E5D28414E224DB00FAA1A3 /* MMSecondViewController.m in Sources */ = {isa = PBXBuildFile; fileRef = 77E5D28314E224DB00FAA1A3 /* MMSecondViewController.m */; };
		77E5D28614E224DB00FAA1A3 /* second.png in Resources */ = {isa = PBXBuildFile; fileRef = 77E5D28514E224DB00FAA1A3 /* second.png */; };
		77E5D28814E224DC00FAA1A3 /* second@2x.png in Resources */ = {isa = PBXBuildFile; fileRef = 77E5D28714E224DC00FAA1A3 /* second@2x.png */; };
		77E5D29014E224DC00FAA1A3 /* SenTestingKit.framework in Frameworks */ = {isa = PBXBuildFile; fileRef = 77E5D28F14E224DC00FAA1A3 /* SenTestingKit.framework */; };
		77E5D29114E224DC00FAA1A3 /* UIKit.framework in Frameworks */ = {isa = PBXBuildFile; fileRef = 77E5D26314E224DB00FAA1A3 /* UIKit.framework */; };
		77E5D29214E224DC00FAA1A3 /* Foundation.framework in Frameworks */ = {isa = PBXBuildFile; fileRef = 77E5D26514E224DB00FAA1A3 /* Foundation.framework */; };
		77E5D29A14E224DC00FAA1A3 /* InfoPlist.strings in Resources */ = {isa = PBXBuildFile; fileRef = 77E5D29814E224DC00FAA1A3 /* InfoPlist.strings */; };
		77E5D29D14E224DC00FAA1A3 /* UhhYeahDudeTests.m in Sources */ = {isa = PBXBuildFile; fileRef = 77E5D29C14E224DC00FAA1A3 /* UhhYeahDudeTests.m */; };
		BD2D27C215F58DFC0020292D /* header.png in Resources */ = {isa = PBXBuildFile; fileRef = BD2D27C115F58DFC0020292D /* header.png */; };
		BD3AEDB115F2E1AB0067A8EB /* Default.png in Resources */ = {isa = PBXBuildFile; fileRef = BD3AEDB015F2E1AB0067A8EB /* Default.png */; };
		BD43C21F15DF6B3200D58466 /* MMOverlayViewController.m in Sources */ = {isa = PBXBuildFile; fileRef = BD43C21E15DF6B3200D58466 /* MMOverlayViewController.m */; };
		BD49D6C715DF3E24001FD7F4 /* MMEpisodeXMLParserDelegate.m in Sources */ = {isa = PBXBuildFile; fileRef = BD49D6C615DF3E24001FD7F4 /* MMEpisodeXMLParserDelegate.m */; };
		BD49D6CA15DF4000001FD7F4 /* MMMedia.m in Sources */ = {isa = PBXBuildFile; fileRef = BD49D6C915DF4000001FD7F4 /* MMMedia.m */; };
		BD49D6D715DF4CE2001FD7F4 /* MMEpisodeDataSource.m in Sources */ = {isa = PBXBuildFile; fileRef = BD49D6D615DF4CE2001FD7F4 /* MMEpisodeDataSource.m */; };
		BD49D6DA15DF4F46001FD7F4 /* MMListTableViewCell.m in Sources */ = {isa = PBXBuildFile; fileRef = BD49D6D915DF4F46001FD7F4 /* MMListTableViewCell.m */; };
		BD74EF5215EF24BD00AD0131 /* SoundManager.m in Sources */ = {isa = PBXBuildFile; fileRef = BD74EF5115EF24BD00AD0131 /* SoundManager.m */; };
		BD74EF5A15EF333C00AD0131 /* MMMoviePlayerViewController.m in Sources */ = {isa = PBXBuildFile; fileRef = BD74EF5915EF333C00AD0131 /* MMMoviePlayerViewController.m */; };
		BDA5178815E8834A001979F8 /* AFHTTPClient.m in Sources */ = {isa = PBXBuildFile; fileRef = BDA5177415E8834A001979F8 /* AFHTTPClient.m */; settings = {COMPILER_FLAGS = "-fno-objc-arc"; }; };
		BDA5178915E8834A001979F8 /* AFHTTPRequestOperation.m in Sources */ = {isa = PBXBuildFile; fileRef = BDA5177615E8834A001979F8 /* AFHTTPRequestOperation.m */; settings = {COMPILER_FLAGS = "-fno-objc-arc"; }; };
		BDA5178A15E8834A001979F8 /* AFImageRequestOperation.m in Sources */ = {isa = PBXBuildFile; fileRef = BDA5177815E8834A001979F8 /* AFImageRequestOperation.m */; settings = {COMPILER_FLAGS = "-fno-objc-arc"; }; };
		BDA5178B15E8834A001979F8 /* AFJSONRequestOperation.m in Sources */ = {isa = PBXBuildFile; fileRef = BDA5177A15E8834A001979F8 /* AFJSONRequestOperation.m */; settings = {COMPILER_FLAGS = "-fno-objc-arc"; }; };
		BDA5178C15E8834A001979F8 /* AFJSONUtilities.m in Sources */ = {isa = PBXBuildFile; fileRef = BDA5177C15E8834A001979F8 /* AFJSONUtilities.m */; settings = {COMPILER_FLAGS = "-fno-objc-arc"; }; };
		BDA5178D15E8834A001979F8 /* AFNetworkActivityIndicatorManager.m in Sources */ = {isa = PBXBuildFile; fileRef = BDA5177E15E8834A001979F8 /* AFNetworkActivityIndicatorManager.m */; settings = {COMPILER_FLAGS = "-fno-objc-arc"; }; };
		BDA5178E15E8834A001979F8 /* AFPropertyListRequestOperation.m in Sources */ = {isa = PBXBuildFile; fileRef = BDA5178115E8834A001979F8 /* AFPropertyListRequestOperation.m */; settings = {COMPILER_FLAGS = "-fno-objc-arc"; }; };
		BDA5178F15E8834A001979F8 /* AFURLConnectionOperation.m in Sources */ = {isa = PBXBuildFile; fileRef = BDA5178315E8834A001979F8 /* AFURLConnectionOperation.m */; settings = {COMPILER_FLAGS = "-fno-objc-arc"; }; };
		BDA5179015E8834A001979F8 /* AFXMLRequestOperation.m in Sources */ = {isa = PBXBuildFile; fileRef = BDA5178515E8834A001979F8 /* AFXMLRequestOperation.m */; settings = {COMPILER_FLAGS = "-fno-objc-arc"; }; };
		BDA5179115E8834A001979F8 /* UIImageView+AFNetworking.m in Sources */ = {isa = PBXBuildFile; fileRef = BDA5178715E8834A001979F8 /* UIImageView+AFNetworking.m */; settings = {COMPILER_FLAGS = "-fno-objc-arc"; }; };
		BDA5179415E8B53B001979F8 /* MediaPlayer.framework in Frameworks */ = {isa = PBXBuildFile; fileRef = BDA5179315E8B53B001979F8 /* MediaPlayer.framework */; };
		BDA5184015E8BB69001979F8 /* AVFoundation.framework in Frameworks */ = {isa = PBXBuildFile; fileRef = BDA5183F15E8BB69001979F8 /* AVFoundation.framework */; };
		BDC6F82115E053AB00C685B7 /* ODRefreshControl.m in Sources */ = {isa = PBXBuildFile; fileRef = BDC6F82015E053AB00C685B7 /* ODRefreshControl.m */; };
		BDC6F82315E053DD00C685B7 /* ODRefreshControl.m in Sources */ = {isa = PBXBuildFile; fileRef = BDC6F82015E053AB00C685B7 /* ODRefreshControl.m */; };
		BDC6F82515E053F500C685B7 /* QuartzCore.framework in Frameworks */ = {isa = PBXBuildFile; fileRef = BDC6F82415E053F500C685B7 /* QuartzCore.framework */; };
		BDC9F5FB15F2BD2600608B5D /* ImageIO.framework in Frameworks */ = {isa = PBXBuildFile; fileRef = BDC9F5FA15F2BD2600608B5D /* ImageIO.framework */; };
		BDCEF1FA15F3F72100280AAB /* NSObject+SBJson.m in Sources */ = {isa = PBXBuildFile; fileRef = BDCEF1E215F3F72100280AAB /* NSObject+SBJson.m */; };
		BDCEF1FB15F3F72100280AAB /* SBJsonParser.m in Sources */ = {isa = PBXBuildFile; fileRef = BDCEF1E515F3F72100280AAB /* SBJsonParser.m */; };
		BDCEF1FC15F3F72100280AAB /* SBJsonStreamParser.m in Sources */ = {isa = PBXBuildFile; fileRef = BDCEF1E715F3F72100280AAB /* SBJsonStreamParser.m */; };
		BDCEF1FD15F3F72100280AAB /* SBJsonStreamParserAccumulator.m in Sources */ = {isa = PBXBuildFile; fileRef = BDCEF1E915F3F72100280AAB /* SBJsonStreamParserAccumulator.m */; };
		BDCEF1FE15F3F72100280AAB /* SBJsonStreamParserAdapter.m in Sources */ = {isa = PBXBuildFile; fileRef = BDCEF1EB15F3F72100280AAB /* SBJsonStreamParserAdapter.m */; };
		BDCEF1FF15F3F72100280AAB /* SBJsonStreamParserState.m in Sources */ = {isa = PBXBuildFile; fileRef = BDCEF1ED15F3F72100280AAB /* SBJsonStreamParserState.m */; };
		BDCEF20015F3F72100280AAB /* SBJsonStreamWriter.m in Sources */ = {isa = PBXBuildFile; fileRef = BDCEF1EF15F3F72100280AAB /* SBJsonStreamWriter.m */; };
		BDCEF20115F3F72100280AAB /* SBJsonStreamWriterAccumulator.m in Sources */ = {isa = PBXBuildFile; fileRef = BDCEF1F115F3F72100280AAB /* SBJsonStreamWriterAccumulator.m */; };
		BDCEF20215F3F72100280AAB /* SBJsonStreamWriterState.m in Sources */ = {isa = PBXBuildFile; fileRef = BDCEF1F315F3F72100280AAB /* SBJsonStreamWriterState.m */; };
		BDCEF20315F3F72100280AAB /* SBJsonTokeniser.m in Sources */ = {isa = PBXBuildFile; fileRef = BDCEF1F515F3F72100280AAB /* SBJsonTokeniser.m */; };
		BDCEF20415F3F72100280AAB /* SBJsonUTF8Stream.m in Sources */ = {isa = PBXBuildFile; fileRef = BDCEF1F715F3F72100280AAB /* SBJsonUTF8Stream.m */; };
		BDCEF20515F3F72100280AAB /* SBJsonWriter.m in Sources */ = {isa = PBXBuildFile; fileRef = BDCEF1F915F3F72100280AAB /* SBJsonWriter.m */; };
		BDCEF20B15F3F7A100280AAB /* MMVideoDataSource.m in Sources */ = {isa = PBXBuildFile; fileRef = BDCEF20A15F3F7A100280AAB /* MMVideoDataSource.m */; };
		BDCEF20E15F3FB9700280AAB /* MMVideoSection.m in Sources */ = {isa = PBXBuildFile; fileRef = BDCEF20D15F3FB9700280AAB /* MMVideoSection.m */; };
		BDCEF21415F3FD1900280AAB /* MMVideoListViewController.m in Sources */ = {isa = PBXBuildFile; fileRef = BDCEF21315F3FD1900280AAB /* MMVideoListViewController.m */; };
		BDCEF27B15F4095900280AAB /* images in Resources */ = {isa = PBXBuildFile; fileRef = BDCEF27A15F4095900280AAB /* images */; };
		BDD5A4C415F5CB85001A5D51 /* sethscorner.png in Resources */ = {isa = PBXBuildFile; fileRef = BDD5A4C315F5CB85001A5D51 /* sethscorner.png */; };
		BDD5A4CA15F5D55D001A5D51 /* videos.png in Resources */ = {isa = PBXBuildFile; fileRef = BDD5A4C915F5D55D001A5D51 /* videos.png */; };
		BDD5A4CD15F5D673001A5D51 /* episodes.png in Resources */ = {isa = PBXBuildFile; fileRef = BDD5A4CB15F5D672001A5D51 /* episodes.png */; };
		BDD5A4CE15F5D673001A5D51 /* episodes@2x.png in Resources */ = {isa = PBXBuildFile; fileRef = BDD5A4CC15F5D673001A5D51 /* episodes@2x.png */; };
		BDD5A4D015F5D67B001A5D51 /* videos@2x.png in Resources */ = {isa = PBXBuildFile; fileRef = BDD5A4CF15F5D67B001A5D51 /* videos@2x.png */; };
		BDD5A4D415F5DB70001A5D51 /* tv.png in Resources */ = {isa = PBXBuildFile; fileRef = BDD5A4D315F5DB70001A5D51 /* tv.png */; };
		BDEEDDEF15F41D1A000B58A8 /* episodes.bin in Resources */ = {isa = PBXBuildFile; fileRef = BDEEDDEE15F41D1A000B58A8 /* episodes.bin */; };
		BDEEDDF315F430E2000B58A8 /* videos.bin in Resources */ = {isa = PBXBuildFile; fileRef = BDEEDDF215F430E2000B58A8 /* videos.bin */; };
		BDF77F5815F3EB3700FA64FC /* SDImageCache.m in Sources */ = {isa = PBXBuildFile; fileRef = BDF77F4715F3EB3700FA64FC /* SDImageCache.m */; };
		BDF77F5915F3EB3700FA64FC /* SDWebImageDecoder.m in Sources */ = {isa = PBXBuildFile; fileRef = BDF77F4B15F3EB3700FA64FC /* SDWebImageDecoder.m */; };
		BDF77F5A15F3EB3700FA64FC /* SDWebImageDownloader.m in Sources */ = {isa = PBXBuildFile; fileRef = BDF77F4D15F3EB3700FA64FC /* SDWebImageDownloader.m */; };
		BDF77F5B15F3EB3700FA64FC /* SDWebImageManager.m in Sources */ = {isa = PBXBuildFile; fileRef = BDF77F5015F3EB3700FA64FC /* SDWebImageManager.m */; };
		BDF77F5C15F3EB3700FA64FC /* SDWebImagePrefetcher.m in Sources */ = {isa = PBXBuildFile; fileRef = BDF77F5315F3EB3700FA64FC /* SDWebImagePrefetcher.m */; };
		BDF77F5D15F3EB3700FA64FC /* UIButton+WebCache.m in Sources */ = {isa = PBXBuildFile; fileRef = BDF77F5515F3EB3700FA64FC /* UIButton+WebCache.m */; };
		BDF77F5E15F3EB3700FA64FC /* UIImageView+WebCache.m in Sources */ = {isa = PBXBuildFile; fileRef = BDF77F5715F3EB3700FA64FC /* UIImageView+WebCache.m */; };
/* End PBXBuildFile section */

/* Begin PBXContainerItemProxy section */
		77E5D29314E224DC00FAA1A3 /* PBXContainerItemProxy */ = {
			isa = PBXContainerItemProxy;
			containerPortal = 77E5D25614E224DB00FAA1A3 /* Project object */;
			proxyType = 1;
			remoteGlobalIDString = 77E5D25E14E224DB00FAA1A3;
			remoteInfo = UhhYeahDude;
		};
/* End PBXContainerItemProxy section */

/* Begin PBXFileReference section */
		320AF8492C47A4D819F7C450 /* QuartzCore.framework */ = {isa = PBXFileReference; lastKnownFileType = wrapper.frameworks; name = QuartzCore.framework; path = System/Library/Frameworks/QuartzCore.framework; sourceTree = SDKROOT; };
		7749D82A14E38B6300B46C1E /* MMMediaViewController.h */ = {isa = PBXFileReference; fileEncoding = 4; lastKnownFileType = sourcecode.c.h; path = MMMediaViewController.h; sourceTree = "<group>"; };
		7749D82B14E38B6300B46C1E /* MMMediaViewController.m */ = {isa = PBXFileReference; fileEncoding = 4; lastKnownFileType = sourcecode.c.objc; path = MMMediaViewController.m; sourceTree = "<group>"; };
		774AA77F14E8D39500883E5F /* MMEpisodePlayViewController.h */ = {isa = PBXFileReference; fileEncoding = 4; lastKnownFileType = sourcecode.c.h; path = MMEpisodePlayViewController.h; sourceTree = "<group>"; };
		774AA78014E8D39500883E5F /* MMEpisodePlayViewController.m */ = {isa = PBXFileReference; fileEncoding = 4; lastKnownFileType = sourcecode.c.objc; path = MMEpisodePlayViewController.m; sourceTree = "<group>"; };
		77E5D25F14E224DB00FAA1A3 /* UhhYeahDude.app */ = {isa = PBXFileReference; explicitFileType = wrapper.application; includeInIndex = 0; path = UhhYeahDude.app; sourceTree = BUILT_PRODUCTS_DIR; };
		77E5D26314E224DB00FAA1A3 /* UIKit.framework */ = {isa = PBXFileReference; lastKnownFileType = wrapper.framework; name = UIKit.framework; path = System/Library/Frameworks/UIKit.framework; sourceTree = SDKROOT; };
		77E5D26514E224DB00FAA1A3 /* Foundation.framework */ = {isa = PBXFileReference; lastKnownFileType = wrapper.framework; name = Foundation.framework; path = System/Library/Frameworks/Foundation.framework; sourceTree = SDKROOT; };
		77E5D26714E224DB00FAA1A3 /* CoreGraphics.framework */ = {isa = PBXFileReference; lastKnownFileType = wrapper.framework; name = CoreGraphics.framework; path = System/Library/Frameworks/CoreGraphics.framework; sourceTree = SDKROOT; };
		77E5D26B14E224DB00FAA1A3 /* UhhYeahDude-Info.plist */ = {isa = PBXFileReference; lastKnownFileType = text.plist.xml; path = "UhhYeahDude-Info.plist"; sourceTree = "<group>"; };
		77E5D26D14E224DB00FAA1A3 /* en */ = {isa = PBXFileReference; lastKnownFileType = text.plist.strings; name = en; path = en.lproj/InfoPlist.strings; sourceTree = "<group>"; };
		77E5D26F14E224DB00FAA1A3 /* main.m */ = {isa = PBXFileReference; lastKnownFileType = sourcecode.c.objc; path = main.m; sourceTree = "<group>"; };
		77E5D27114E224DB00FAA1A3 /* UhhYeahDude-Prefix.pch */ = {isa = PBXFileReference; lastKnownFileType = sourcecode.c.h; path = "UhhYeahDude-Prefix.pch"; sourceTree = "<group>"; };
		77E5D27214E224DB00FAA1A3 /* MMAppDelegate.h */ = {isa = PBXFileReference; lastKnownFileType = sourcecode.c.h; path = MMAppDelegate.h; sourceTree = "<group>"; };
		77E5D27314E224DB00FAA1A3 /* MMAppDelegate.m */ = {isa = PBXFileReference; lastKnownFileType = sourcecode.c.objc; path = MMAppDelegate.m; sourceTree = "<group>"; };
		77E5D27614E224DB00FAA1A3 /* en */ = {isa = PBXFileReference; lastKnownFileType = file.storyboard; name = en; path = en.lproj/MainStoryboard_iPhone.storyboard; sourceTree = "<group>"; };
		77E5D27914E224DB00FAA1A3 /* en */ = {isa = PBXFileReference; lastKnownFileType = file.storyboard; name = en; path = en.lproj/MainStoryboard_iPad.storyboard; sourceTree = "<group>"; };
		77E5D27B14E224DB00FAA1A3 /* MMEpisodeListViewController.h */ = {isa = PBXFileReference; lastKnownFileType = sourcecode.c.h; path = MMEpisodeListViewController.h; sourceTree = "<group>"; };
		77E5D27C14E224DB00FAA1A3 /* MMEpisodeListViewController.m */ = {isa = PBXFileReference; lastKnownFileType = sourcecode.c.objc; path = MMEpisodeListViewController.m; sourceTree = "<group>"; };
		77E5D27E14E224DB00FAA1A3 /* first.png */ = {isa = PBXFileReference; lastKnownFileType = image.png; path = first.png; sourceTree = "<group>"; };
		77E5D28014E224DB00FAA1A3 /* first@2x.png */ = {isa = PBXFileReference; lastKnownFileType = image.png; path = "first@2x.png"; sourceTree = "<group>"; };
		77E5D28214E224DB00FAA1A3 /* MMSecondViewController.h */ = {isa = PBXFileReference; lastKnownFileType = sourcecode.c.h; path = MMSecondViewController.h; sourceTree = "<group>"; };
		77E5D28314E224DB00FAA1A3 /* MMSecondViewController.m */ = {isa = PBXFileReference; lastKnownFileType = sourcecode.c.objc; path = MMSecondViewController.m; sourceTree = "<group>"; };
		77E5D28514E224DB00FAA1A3 /* second.png */ = {isa = PBXFileReference; lastKnownFileType = image.png; path = second.png; sourceTree = "<group>"; };
		77E5D28714E224DC00FAA1A3 /* second@2x.png */ = {isa = PBXFileReference; lastKnownFileType = image.png; path = "second@2x.png"; sourceTree = "<group>"; };
		77E5D28E14E224DC00FAA1A3 /* UhhYeahDudeTests.octest */ = {isa = PBXFileReference; explicitFileType = wrapper.cfbundle; includeInIndex = 0; path = UhhYeahDudeTests.octest; sourceTree = BUILT_PRODUCTS_DIR; };
		77E5D28F14E224DC00FAA1A3 /* SenTestingKit.framework */ = {isa = PBXFileReference; lastKnownFileType = wrapper.framework; name = SenTestingKit.framework; path = Library/Frameworks/SenTestingKit.framework; sourceTree = DEVELOPER_DIR; };
		77E5D29714E224DC00FAA1A3 /* UhhYeahDudeTests-Info.plist */ = {isa = PBXFileReference; lastKnownFileType = text.plist.xml; path = "UhhYeahDudeTests-Info.plist"; sourceTree = "<group>"; };
		77E5D29914E224DC00FAA1A3 /* en */ = {isa = PBXFileReference; lastKnownFileType = text.plist.strings; name = en; path = en.lproj/InfoPlist.strings; sourceTree = "<group>"; };
		77E5D29B14E224DC00FAA1A3 /* UhhYeahDudeTests.h */ = {isa = PBXFileReference; lastKnownFileType = sourcecode.c.h; path = UhhYeahDudeTests.h; sourceTree = "<group>"; };
		77E5D29C14E224DC00FAA1A3 /* UhhYeahDudeTests.m */ = {isa = PBXFileReference; lastKnownFileType = sourcecode.c.objc; path = UhhYeahDudeTests.m; sourceTree = "<group>"; };
		BD2D27C115F58DFC0020292D /* header.png */ = {isa = PBXFileReference; lastKnownFileType = image.png; path = header.png; sourceTree = "<group>"; };
		BD3AEDB015F2E1AB0067A8EB /* Default.png */ = {isa = PBXFileReference; lastKnownFileType = image.png; path = Default.png; sourceTree = "<group>"; };
		BD43C21D15DF6B3200D58466 /* MMOverlayViewController.h */ = {isa = PBXFileReference; fileEncoding = 4; lastKnownFileType = sourcecode.c.h; path = MMOverlayViewController.h; sourceTree = "<group>"; };
		BD43C21E15DF6B3200D58466 /* MMOverlayViewController.m */ = {isa = PBXFileReference; fileEncoding = 4; lastKnownFileType = sourcecode.c.objc; path = MMOverlayViewController.m; sourceTree = "<group>"; };
		BD49D6C515DF3E24001FD7F4 /* MMEpisodeXMLParserDelegate.h */ = {isa = PBXFileReference; fileEncoding = 4; lastKnownFileType = sourcecode.c.h; path = MMEpisodeXMLParserDelegate.h; sourceTree = "<group>"; };
		BD49D6C615DF3E24001FD7F4 /* MMEpisodeXMLParserDelegate.m */ = {isa = PBXFileReference; fileEncoding = 4; lastKnownFileType = sourcecode.c.objc; path = MMEpisodeXMLParserDelegate.m; sourceTree = "<group>"; };
		BD49D6C815DF4000001FD7F4 /* MMMedia.h */ = {isa = PBXFileReference; fileEncoding = 4; lastKnownFileType = sourcecode.c.h; path = MMMedia.h; sourceTree = "<group>"; };
		BD49D6C915DF4000001FD7F4 /* MMMedia.m */ = {isa = PBXFileReference; fileEncoding = 4; lastKnownFileType = sourcecode.c.objc; path = MMMedia.m; sourceTree = "<group>"; };
		BD49D6D515DF4CE2001FD7F4 /* MMEpisodeDataSource.h */ = {isa = PBXFileReference; fileEncoding = 4; lastKnownFileType = sourcecode.c.h; path = MMEpisodeDataSource.h; sourceTree = "<group>"; };
		BD49D6D615DF4CE2001FD7F4 /* MMEpisodeDataSource.m */ = {isa = PBXFileReference; fileEncoding = 4; lastKnownFileType = sourcecode.c.objc; path = MMEpisodeDataSource.m; sourceTree = "<group>"; };
		BD49D6D815DF4F46001FD7F4 /* MMListTableViewCell.h */ = {isa = PBXFileReference; fileEncoding = 4; lastKnownFileType = sourcecode.c.h; path = MMListTableViewCell.h; sourceTree = "<group>"; };
		BD49D6D915DF4F46001FD7F4 /* MMListTableViewCell.m */ = {isa = PBXFileReference; fileEncoding = 4; lastKnownFileType = sourcecode.c.objc; path = MMListTableViewCell.m; sourceTree = "<group>"; };
		BD74EF5015EF24BD00AD0131 /* SoundManager.h */ = {isa = PBXFileReference; fileEncoding = 4; lastKnownFileType = sourcecode.c.h; path = SoundManager.h; sourceTree = "<group>"; };
		BD74EF5115EF24BD00AD0131 /* SoundManager.m */ = {isa = PBXFileReference; fileEncoding = 4; lastKnownFileType = sourcecode.c.objc; path = SoundManager.m; sourceTree = "<group>"; };
		BD74EF5815EF333C00AD0131 /* MMMoviePlayerViewController.h */ = {isa = PBXFileReference; fileEncoding = 4; lastKnownFileType = sourcecode.c.h; path = MMMoviePlayerViewController.h; sourceTree = "<group>"; };
		BD74EF5915EF333C00AD0131 /* MMMoviePlayerViewController.m */ = {isa = PBXFileReference; fileEncoding = 4; lastKnownFileType = sourcecode.c.objc; path = MMMoviePlayerViewController.m; sourceTree = "<group>"; };
		BDA5177315E8834A001979F8 /* AFHTTPClient.h */ = {isa = PBXFileReference; fileEncoding = 4; lastKnownFileType = sourcecode.c.h; path = AFHTTPClient.h; sourceTree = "<group>"; };
		BDA5177415E8834A001979F8 /* AFHTTPClient.m */ = {isa = PBXFileReference; fileEncoding = 4; lastKnownFileType = sourcecode.c.objc; path = AFHTTPClient.m; sourceTree = "<group>"; };
		BDA5177515E8834A001979F8 /* AFHTTPRequestOperation.h */ = {isa = PBXFileReference; fileEncoding = 4; lastKnownFileType = sourcecode.c.h; path = AFHTTPRequestOperation.h; sourceTree = "<group>"; };
		BDA5177615E8834A001979F8 /* AFHTTPRequestOperation.m */ = {isa = PBXFileReference; fileEncoding = 4; lastKnownFileType = sourcecode.c.objc; path = AFHTTPRequestOperation.m; sourceTree = "<group>"; };
		BDA5177715E8834A001979F8 /* AFImageRequestOperation.h */ = {isa = PBXFileReference; fileEncoding = 4; lastKnownFileType = sourcecode.c.h; path = AFImageRequestOperation.h; sourceTree = "<group>"; };
		BDA5177815E8834A001979F8 /* AFImageRequestOperation.m */ = {isa = PBXFileReference; fileEncoding = 4; lastKnownFileType = sourcecode.c.objc; path = AFImageRequestOperation.m; sourceTree = "<group>"; };
		BDA5177915E8834A001979F8 /* AFJSONRequestOperation.h */ = {isa = PBXFileReference; fileEncoding = 4; lastKnownFileType = sourcecode.c.h; path = AFJSONRequestOperation.h; sourceTree = "<group>"; };
		BDA5177A15E8834A001979F8 /* AFJSONRequestOperation.m */ = {isa = PBXFileReference; fileEncoding = 4; lastKnownFileType = sourcecode.c.objc; path = AFJSONRequestOperation.m; sourceTree = "<group>"; };
		BDA5177B15E8834A001979F8 /* AFJSONUtilities.h */ = {isa = PBXFileReference; fileEncoding = 4; lastKnownFileType = sourcecode.c.h; path = AFJSONUtilities.h; sourceTree = "<group>"; };
		BDA5177C15E8834A001979F8 /* AFJSONUtilities.m */ = {isa = PBXFileReference; fileEncoding = 4; lastKnownFileType = sourcecode.c.objc; path = AFJSONUtilities.m; sourceTree = "<group>"; };
		BDA5177D15E8834A001979F8 /* AFNetworkActivityIndicatorManager.h */ = {isa = PBXFileReference; fileEncoding = 4; lastKnownFileType = sourcecode.c.h; path = AFNetworkActivityIndicatorManager.h; sourceTree = "<group>"; };
		BDA5177E15E8834A001979F8 /* AFNetworkActivityIndicatorManager.m */ = {isa = PBXFileReference; fileEncoding = 4; lastKnownFileType = sourcecode.c.objc; path = AFNetworkActivityIndicatorManager.m; sourceTree = "<group>"; };
		BDA5177F15E8834A001979F8 /* AFNetworking.h */ = {isa = PBXFileReference; fileEncoding = 4; lastKnownFileType = sourcecode.c.h; path = AFNetworking.h; sourceTree = "<group>"; };
		BDA5178015E8834A001979F8 /* AFPropertyListRequestOperation.h */ = {isa = PBXFileReference; fileEncoding = 4; lastKnownFileType = sourcecode.c.h; path = AFPropertyListRequestOperation.h; sourceTree = "<group>"; };
		BDA5178115E8834A001979F8 /* AFPropertyListRequestOperation.m */ = {isa = PBXFileReference; fileEncoding = 4; lastKnownFileType = sourcecode.c.objc; path = AFPropertyListRequestOperation.m; sourceTree = "<group>"; };
		BDA5178215E8834A001979F8 /* AFURLConnectionOperation.h */ = {isa = PBXFileReference; fileEncoding = 4; lastKnownFileType = sourcecode.c.h; path = AFURLConnectionOperation.h; sourceTree = "<group>"; };
		BDA5178315E8834A001979F8 /* AFURLConnectionOperation.m */ = {isa = PBXFileReference; fileEncoding = 4; lastKnownFileType = sourcecode.c.objc; path = AFURLConnectionOperation.m; sourceTree = "<group>"; };
		BDA5178415E8834A001979F8 /* AFXMLRequestOperation.h */ = {isa = PBXFileReference; fileEncoding = 4; lastKnownFileType = sourcecode.c.h; path = AFXMLRequestOperation.h; sourceTree = "<group>"; };
		BDA5178515E8834A001979F8 /* AFXMLRequestOperation.m */ = {isa = PBXFileReference; fileEncoding = 4; lastKnownFileType = sourcecode.c.objc; path = AFXMLRequestOperation.m; sourceTree = "<group>"; };
		BDA5178615E8834A001979F8 /* UIImageView+AFNetworking.h */ = {isa = PBXFileReference; fileEncoding = 4; lastKnownFileType = sourcecode.c.h; path = "UIImageView+AFNetworking.h"; sourceTree = "<group>"; };
		BDA5178715E8834A001979F8 /* UIImageView+AFNetworking.m */ = {isa = PBXFileReference; fileEncoding = 4; lastKnownFileType = sourcecode.c.objc; path = "UIImageView+AFNetworking.m"; sourceTree = "<group>"; };
		BDA5179315E8B53B001979F8 /* MediaPlayer.framework */ = {isa = PBXFileReference; lastKnownFileType = wrapper.framework; name = MediaPlayer.framework; path = System/Library/Frameworks/MediaPlayer.framework; sourceTree = SDKROOT; };
		BDA5183F15E8BB69001979F8 /* AVFoundation.framework */ = {isa = PBXFileReference; lastKnownFileType = wrapper.framework; name = AVFoundation.framework; path = System/Library/Frameworks/AVFoundation.framework; sourceTree = SDKROOT; };
		BDC6F81F15E053AB00C685B7 /* ODRefreshControl.h */ = {isa = PBXFileReference; fileEncoding = 4; lastKnownFileType = sourcecode.c.h; path = ODRefreshControl.h; sourceTree = "<group>"; };
		BDC6F82015E053AB00C685B7 /* ODRefreshControl.m */ = {isa = PBXFileReference; fileEncoding = 4; lastKnownFileType = sourcecode.c.objc; path = ODRefreshControl.m; sourceTree = "<group>"; };
		BDC6F82415E053F500C685B7 /* QuartzCore.framework */ = {isa = PBXFileReference; lastKnownFileType = wrapper.framework; name = QuartzCore.framework; path = System/Library/Frameworks/QuartzCore.framework; sourceTree = SDKROOT; };
		BDC9F5FA15F2BD2600608B5D /* ImageIO.framework */ = {isa = PBXFileReference; lastKnownFileType = wrapper.framework; name = ImageIO.framework; path = System/Library/Frameworks/ImageIO.framework; sourceTree = SDKROOT; };
		BDCEF1E115F3F72100280AAB /* NSObject+SBJson.h */ = {isa = PBXFileReference; fileEncoding = 4; lastKnownFileType = sourcecode.c.h; path = "NSObject+SBJson.h"; sourceTree = "<group>"; };
		BDCEF1E215F3F72100280AAB /* NSObject+SBJson.m */ = {isa = PBXFileReference; fileEncoding = 4; lastKnownFileType = sourcecode.c.objc; path = "NSObject+SBJson.m"; sourceTree = "<group>"; };
		BDCEF1E315F3F72100280AAB /* SBJson.h */ = {isa = PBXFileReference; fileEncoding = 4; lastKnownFileType = sourcecode.c.h; path = SBJson.h; sourceTree = "<group>"; };
		BDCEF1E415F3F72100280AAB /* SBJsonParser.h */ = {isa = PBXFileReference; fileEncoding = 4; lastKnownFileType = sourcecode.c.h; path = SBJsonParser.h; sourceTree = "<group>"; };
		BDCEF1E515F3F72100280AAB /* SBJsonParser.m */ = {isa = PBXFileReference; fileEncoding = 4; lastKnownFileType = sourcecode.c.objc; path = SBJsonParser.m; sourceTree = "<group>"; };
		BDCEF1E615F3F72100280AAB /* SBJsonStreamParser.h */ = {isa = PBXFileReference; fileEncoding = 4; lastKnownFileType = sourcecode.c.h; path = SBJsonStreamParser.h; sourceTree = "<group>"; };
		BDCEF1E715F3F72100280AAB /* SBJsonStreamParser.m */ = {isa = PBXFileReference; fileEncoding = 4; lastKnownFileType = sourcecode.c.objc; path = SBJsonStreamParser.m; sourceTree = "<group>"; };
		BDCEF1E815F3F72100280AAB /* SBJsonStreamParserAccumulator.h */ = {isa = PBXFileReference; fileEncoding = 4; lastKnownFileType = sourcecode.c.h; path = SBJsonStreamParserAccumulator.h; sourceTree = "<group>"; };
		BDCEF1E915F3F72100280AAB /* SBJsonStreamParserAccumulator.m */ = {isa = PBXFileReference; fileEncoding = 4; lastKnownFileType = sourcecode.c.objc; path = SBJsonStreamParserAccumulator.m; sourceTree = "<group>"; };
		BDCEF1EA15F3F72100280AAB /* SBJsonStreamParserAdapter.h */ = {isa = PBXFileReference; fileEncoding = 4; lastKnownFileType = sourcecode.c.h; path = SBJsonStreamParserAdapter.h; sourceTree = "<group>"; };
		BDCEF1EB15F3F72100280AAB /* SBJsonStreamParserAdapter.m */ = {isa = PBXFileReference; fileEncoding = 4; lastKnownFileType = sourcecode.c.objc; path = SBJsonStreamParserAdapter.m; sourceTree = "<group>"; };
		BDCEF1EC15F3F72100280AAB /* SBJsonStreamParserState.h */ = {isa = PBXFileReference; fileEncoding = 4; lastKnownFileType = sourcecode.c.h; path = SBJsonStreamParserState.h; sourceTree = "<group>"; };
		BDCEF1ED15F3F72100280AAB /* SBJsonStreamParserState.m */ = {isa = PBXFileReference; fileEncoding = 4; lastKnownFileType = sourcecode.c.objc; path = SBJsonStreamParserState.m; sourceTree = "<group>"; };
		BDCEF1EE15F3F72100280AAB /* SBJsonStreamWriter.h */ = {isa = PBXFileReference; fileEncoding = 4; lastKnownFileType = sourcecode.c.h; path = SBJsonStreamWriter.h; sourceTree = "<group>"; };
		BDCEF1EF15F3F72100280AAB /* SBJsonStreamWriter.m */ = {isa = PBXFileReference; fileEncoding = 4; lastKnownFileType = sourcecode.c.objc; path = SBJsonStreamWriter.m; sourceTree = "<group>"; };
		BDCEF1F015F3F72100280AAB /* SBJsonStreamWriterAccumulator.h */ = {isa = PBXFileReference; fileEncoding = 4; lastKnownFileType = sourcecode.c.h; path = SBJsonStreamWriterAccumulator.h; sourceTree = "<group>"; };
		BDCEF1F115F3F72100280AAB /* SBJsonStreamWriterAccumulator.m */ = {isa = PBXFileReference; fileEncoding = 4; lastKnownFileType = sourcecode.c.objc; path = SBJsonStreamWriterAccumulator.m; sourceTree = "<group>"; };
		BDCEF1F215F3F72100280AAB /* SBJsonStreamWriterState.h */ = {isa = PBXFileReference; fileEncoding = 4; lastKnownFileType = sourcecode.c.h; path = SBJsonStreamWriterState.h; sourceTree = "<group>"; };
		BDCEF1F315F3F72100280AAB /* SBJsonStreamWriterState.m */ = {isa = PBXFileReference; fileEncoding = 4; lastKnownFileType = sourcecode.c.objc; path = SBJsonStreamWriterState.m; sourceTree = "<group>"; };
		BDCEF1F415F3F72100280AAB /* SBJsonTokeniser.h */ = {isa = PBXFileReference; fileEncoding = 4; lastKnownFileType = sourcecode.c.h; path = SBJsonTokeniser.h; sourceTree = "<group>"; };
		BDCEF1F515F3F72100280AAB /* SBJsonTokeniser.m */ = {isa = PBXFileReference; fileEncoding = 4; lastKnownFileType = sourcecode.c.objc; path = SBJsonTokeniser.m; sourceTree = "<group>"; };
		BDCEF1F615F3F72100280AAB /* SBJsonUTF8Stream.h */ = {isa = PBXFileReference; fileEncoding = 4; lastKnownFileType = sourcecode.c.h; path = SBJsonUTF8Stream.h; sourceTree = "<group>"; };
		BDCEF1F715F3F72100280AAB /* SBJsonUTF8Stream.m */ = {isa = PBXFileReference; fileEncoding = 4; lastKnownFileType = sourcecode.c.objc; path = SBJsonUTF8Stream.m; sourceTree = "<group>"; };
		BDCEF1F815F3F72100280AAB /* SBJsonWriter.h */ = {isa = PBXFileReference; fileEncoding = 4; lastKnownFileType = sourcecode.c.h; path = SBJsonWriter.h; sourceTree = "<group>"; };
		BDCEF1F915F3F72100280AAB /* SBJsonWriter.m */ = {isa = PBXFileReference; fileEncoding = 4; lastKnownFileType = sourcecode.c.objc; path = SBJsonWriter.m; sourceTree = "<group>"; };
		BDCEF20915F3F7A100280AAB /* MMVideoDataSource.h */ = {isa = PBXFileReference; fileEncoding = 4; lastKnownFileType = sourcecode.c.h; path = MMVideoDataSource.h; sourceTree = "<group>"; };
		BDCEF20A15F3F7A100280AAB /* MMVideoDataSource.m */ = {isa = PBXFileReference; fileEncoding = 4; lastKnownFileType = sourcecode.c.objc; path = MMVideoDataSource.m; sourceTree = "<group>"; };
		BDCEF20C15F3FB9600280AAB /* MMVideoSection.h */ = {isa = PBXFileReference; fileEncoding = 4; lastKnownFileType = sourcecode.c.h; path = MMVideoSection.h; sourceTree = "<group>"; };
		BDCEF20D15F3FB9700280AAB /* MMVideoSection.m */ = {isa = PBXFileReference; fileEncoding = 4; lastKnownFileType = sourcecode.c.objc; path = MMVideoSection.m; sourceTree = "<group>"; };
		BDCEF21215F3FD1900280AAB /* MMVideoListViewController.h */ = {isa = PBXFileReference; fileEncoding = 4; lastKnownFileType = sourcecode.c.h; path = MMVideoListViewController.h; sourceTree = "<group>"; };
		BDCEF21315F3FD1900280AAB /* MMVideoListViewController.m */ = {isa = PBXFileReference; fileEncoding = 4; lastKnownFileType = sourcecode.c.objc; path = MMVideoListViewController.m; sourceTree = "<group>"; };
		BDCEF27A15F4095900280AAB /* images */ = {isa = PBXFileReference; lastKnownFileType = folder; path = images; sourceTree = "<group>"; };
		BDD5A4C315F5CB85001A5D51 /* sethscorner.png */ = {isa = PBXFileReference; lastKnownFileType = image.png; path = sethscorner.png; sourceTree = "<group>"; };
		BDD5A4C915F5D55D001A5D51 /* videos.png */ = {isa = PBXFileReference; lastKnownFileType = image.png; path = videos.png; sourceTree = "<group>"; };
		BDD5A4CB15F5D672001A5D51 /* episodes.png */ = {isa = PBXFileReference; lastKnownFileType = image.png; path = episodes.png; sourceTree = "<group>"; };
		BDD5A4CC15F5D673001A5D51 /* episodes@2x.png */ = {isa = PBXFileReference; lastKnownFileType = image.png; path = "episodes@2x.png"; sourceTree = "<group>"; };
		BDD5A4CF15F5D67B001A5D51 /* videos@2x.png */ = {isa = PBXFileReference; lastKnownFileType = image.png; path = "videos@2x.png"; sourceTree = "<group>"; };
		BDD5A4D315F5DB70001A5D51 /* tv.png */ = {isa = PBXFileReference; lastKnownFileType = image.png; path = tv.png; sourceTree = "<group>"; };
		BDEEDDEE15F41D1A000B58A8 /* episodes.bin */ = {isa = PBXFileReference; lastKnownFileType = archive.macbinary; path = episodes.bin; sourceTree = "<group>"; };
		BDEEDDF215F430E2000B58A8 /* videos.bin */ = {isa = PBXFileReference; lastKnownFileType = archive.macbinary; path = videos.bin; sourceTree = "<group>"; };
		BDF77F4615F3EB3700FA64FC /* SDImageCache.h */ = {isa = PBXFileReference; fileEncoding = 4; lastKnownFileType = sourcecode.c.h; path = SDImageCache.h; sourceTree = "<group>"; };
		BDF77F4715F3EB3700FA64FC /* SDImageCache.m */ = {isa = PBXFileReference; fileEncoding = 4; lastKnownFileType = sourcecode.c.objc; path = SDImageCache.m; sourceTree = "<group>"; };
		BDF77F4815F3EB3700FA64FC /* SDImageCacheDelegate.h */ = {isa = PBXFileReference; fileEncoding = 4; lastKnownFileType = sourcecode.c.h; path = SDImageCacheDelegate.h; sourceTree = "<group>"; };
		BDF77F4915F3EB3700FA64FC /* SDWebImageCompat.h */ = {isa = PBXFileReference; fileEncoding = 4; lastKnownFileType = sourcecode.c.h; path = SDWebImageCompat.h; sourceTree = "<group>"; };
		BDF77F4A15F3EB3700FA64FC /* SDWebImageDecoder.h */ = {isa = PBXFileReference; fileEncoding = 4; lastKnownFileType = sourcecode.c.h; path = SDWebImageDecoder.h; sourceTree = "<group>"; };
		BDF77F4B15F3EB3700FA64FC /* SDWebImageDecoder.m */ = {isa = PBXFileReference; fileEncoding = 4; lastKnownFileType = sourcecode.c.objc; path = SDWebImageDecoder.m; sourceTree = "<group>"; };
		BDF77F4C15F3EB3700FA64FC /* SDWebImageDownloader.h */ = {isa = PBXFileReference; fileEncoding = 4; lastKnownFileType = sourcecode.c.h; path = SDWebImageDownloader.h; sourceTree = "<group>"; };
		BDF77F4D15F3EB3700FA64FC /* SDWebImageDownloader.m */ = {isa = PBXFileReference; fileEncoding = 4; lastKnownFileType = sourcecode.c.objc; path = SDWebImageDownloader.m; sourceTree = "<group>"; };
		BDF77F4E15F3EB3700FA64FC /* SDWebImageDownloaderDelegate.h */ = {isa = PBXFileReference; fileEncoding = 4; lastKnownFileType = sourcecode.c.h; path = SDWebImageDownloaderDelegate.h; sourceTree = "<group>"; };
		BDF77F4F15F3EB3700FA64FC /* SDWebImageManager.h */ = {isa = PBXFileReference; fileEncoding = 4; lastKnownFileType = sourcecode.c.h; path = SDWebImageManager.h; sourceTree = "<group>"; };
		BDF77F5015F3EB3700FA64FC /* SDWebImageManager.m */ = {isa = PBXFileReference; fileEncoding = 4; lastKnownFileType = sourcecode.c.objc; path = SDWebImageManager.m; sourceTree = "<group>"; };
		BDF77F5115F3EB3700FA64FC /* SDWebImageManagerDelegate.h */ = {isa = PBXFileReference; fileEncoding = 4; lastKnownFileType = sourcecode.c.h; path = SDWebImageManagerDelegate.h; sourceTree = "<group>"; };
		BDF77F5215F3EB3700FA64FC /* SDWebImagePrefetcher.h */ = {isa = PBXFileReference; fileEncoding = 4; lastKnownFileType = sourcecode.c.h; path = SDWebImagePrefetcher.h; sourceTree = "<group>"; };
		BDF77F5315F3EB3700FA64FC /* SDWebImagePrefetcher.m */ = {isa = PBXFileReference; fileEncoding = 4; lastKnownFileType = sourcecode.c.objc; path = SDWebImagePrefetcher.m; sourceTree = "<group>"; };
		BDF77F5415F3EB3700FA64FC /* UIButton+WebCache.h */ = {isa = PBXFileReference; fileEncoding = 4; lastKnownFileType = sourcecode.c.h; path = "UIButton+WebCache.h"; sourceTree = "<group>"; };
		BDF77F5515F3EB3700FA64FC /* UIButton+WebCache.m */ = {isa = PBXFileReference; fileEncoding = 4; lastKnownFileType = sourcecode.c.objc; path = "UIButton+WebCache.m"; sourceTree = "<group>"; };
		BDF77F5615F3EB3700FA64FC /* UIImageView+WebCache.h */ = {isa = PBXFileReference; fileEncoding = 4; lastKnownFileType = sourcecode.c.h; path = "UIImageView+WebCache.h"; sourceTree = "<group>"; };
		BDF77F5715F3EB3700FA64FC /* UIImageView+WebCache.m */ = {isa = PBXFileReference; fileEncoding = 4; lastKnownFileType = sourcecode.c.objc; path = "UIImageView+WebCache.m"; sourceTree = "<group>"; };
/* End PBXFileReference section */

/* Begin PBXFrameworksBuildPhase section */
		77E5D25C14E224DB00FAA1A3 /* Frameworks */ = {
			isa = PBXFrameworksBuildPhase;
			buildActionMask = 2147483647;
			files = (
				BDC9F5FB15F2BD2600608B5D /* ImageIO.framework in Frameworks */,
				320AF8492C47A4D819F7C451 /* QuartzCore.framework in Frameworks */,
				BDA5184015E8BB69001979F8 /* AVFoundation.framework in Frameworks */,
				BDA5179415E8B53B001979F8 /* MediaPlayer.framework in Frameworks */,
				BDC6F82515E053F500C685B7 /* QuartzCore.framework in Frameworks */,
				77E5D26414E224DB00FAA1A3 /* UIKit.framework in Frameworks */,
				77E5D26614E224DB00FAA1A3 /* Foundation.framework in Frameworks */,
				77E5D26814E224DB00FAA1A3 /* CoreGraphics.framework in Frameworks */,
			);
			runOnlyForDeploymentPostprocessing = 0;
		};
		77E5D28A14E224DC00FAA1A3 /* Frameworks */ = {
			isa = PBXFrameworksBuildPhase;
			buildActionMask = 2147483647;
			files = (
				77E5D29014E224DC00FAA1A3 /* SenTestingKit.framework in Frameworks */,
				77E5D29114E224DC00FAA1A3 /* UIKit.framework in Frameworks */,
				77E5D29214E224DC00FAA1A3 /* Foundation.framework in Frameworks */,
			);
			runOnlyForDeploymentPostprocessing = 0;
		};
/* End PBXFrameworksBuildPhase section */

/* Begin PBXGroup section */
		77E5D25414E224DB00FAA1A3 = {
			isa = PBXGroup;
			children = (
				BD3AEDB015F2E1AB0067A8EB /* Default.png */,
				77E5D26914E224DB00FAA1A3 /* UhhYeahDude */,
				77E5D29514E224DC00FAA1A3 /* UhhYeahDudeTests */,
				77E5D26214E224DB00FAA1A3 /* Frameworks */,
				77E5D26014E224DB00FAA1A3 /* Products */,
			);
			sourceTree = "<group>";
		};
		77E5D26014E224DB00FAA1A3 /* Products */ = {
			isa = PBXGroup;
			children = (
				77E5D25F14E224DB00FAA1A3 /* UhhYeahDude.app */,
				77E5D28E14E224DC00FAA1A3 /* UhhYeahDudeTests.octest */,
			);
			name = Products;
			sourceTree = "<group>";
		};
		77E5D26214E224DB00FAA1A3 /* Frameworks */ = {
			isa = PBXGroup;
			children = (
				BDC9F5FA15F2BD2600608B5D /* ImageIO.framework */,
				BDA5183F15E8BB69001979F8 /* AVFoundation.framework */,
				BDA5179315E8B53B001979F8 /* MediaPlayer.framework */,
				BDC6F82415E053F500C685B7 /* QuartzCore.framework */,
				320AF8492C47A4D819F7C450 /* QuartzCore.framework */,
				77E5D26314E224DB00FAA1A3 /* UIKit.framework */,
				77E5D26514E224DB00FAA1A3 /* Foundation.framework */,
				77E5D26714E224DB00FAA1A3 /* CoreGraphics.framework */,
				77E5D28F14E224DC00FAA1A3 /* SenTestingKit.framework */,
			);
			name = Frameworks;
			sourceTree = "<group>";
		};
		77E5D26914E224DB00FAA1A3 /* UhhYeahDude */ = {
			isa = PBXGroup;
			children = (
				BD49D6D315DF4C9C001FD7F4 /* Model */,
				BD49D6DC15DF4F5E001FD7F4 /* View */,
				BD43C21415DF56D600D58466 /* Controller */,
				77E5D27214E224DB00FAA1A3 /* MMAppDelegate.h */,
				77E5D27314E224DB00FAA1A3 /* MMAppDelegate.m */,
				BD3AEDB415F2E85D0067A8EB /* Resources */,
				77E5D28214E224DB00FAA1A3 /* MMSecondViewController.h */,
				77E5D28314E224DB00FAA1A3 /* MMSecondViewController.m */,
				774AA77F14E8D39500883E5F /* MMEpisodePlayViewController.h */,
				774AA78014E8D39500883E5F /* MMEpisodePlayViewController.m */,
				77E5D26A14E224DB00FAA1A3 /* Supporting Files */,
			);
			path = UhhYeahDude;
			sourceTree = "<group>";
		};
		77E5D26A14E224DB00FAA1A3 /* Supporting Files */ = {
			isa = PBXGroup;
			children = (
				BDCEF1E015F3F72100280AAB /* SBJSON */,
				BDF77F4515F3EB3700FA64FC /* SDWebImage */,
				BD74EF4F15EF24BD00AD0131 /* SoundManager */,
				BDA5177215E8834A001979F8 /* AFNetworking */,
				77E5D26B14E224DB00FAA1A3 /* UhhYeahDude-Info.plist */,
				77E5D26C14E224DB00FAA1A3 /* InfoPlist.strings */,
				77E5D26F14E224DB00FAA1A3 /* main.m */,
				77E5D27114E224DB00FAA1A3 /* UhhYeahDude-Prefix.pch */,
			);
			name = "Supporting Files";
			sourceTree = "<group>";
		};
		77E5D29514E224DC00FAA1A3 /* UhhYeahDudeTests */ = {
			isa = PBXGroup;
			children = (
				77E5D29B14E224DC00FAA1A3 /* UhhYeahDudeTests.h */,
				77E5D29C14E224DC00FAA1A3 /* UhhYeahDudeTests.m */,
				77E5D29614E224DC00FAA1A3 /* Supporting Files */,
			);
			path = UhhYeahDudeTests;
			sourceTree = "<group>";
		};
		77E5D29614E224DC00FAA1A3 /* Supporting Files */ = {
			isa = PBXGroup;
			children = (
				77E5D29714E224DC00FAA1A3 /* UhhYeahDudeTests-Info.plist */,
				77E5D29814E224DC00FAA1A3 /* InfoPlist.strings */,
			);
			name = "Supporting Files";
			sourceTree = "<group>";
		};
		BD3AEDB415F2E85D0067A8EB /* Resources */ = {
			isa = PBXGroup;
			children = (
				BDD5A4D315F5DB70001A5D51 /* tv.png */,
				BDD5A4C915F5D55D001A5D51 /* videos.png */,
				BDD5A4CF15F5D67B001A5D51 /* videos@2x.png */,
				BDD5A4C315F5CB85001A5D51 /* sethscorner.png */,
				BD2D27C115F58DFC0020292D /* header.png */,
				BDEEDDF215F430E2000B58A8 /* videos.bin */,
				BDEEDDEE15F41D1A000B58A8 /* episodes.bin */,
				BDD5A4CB15F5D672001A5D51 /* episodes.png */,
				BDD5A4CC15F5D673001A5D51 /* episodes@2x.png */,
				BDCEF27A15F4095900280AAB /* images */,
				77E5D27E14E224DB00FAA1A3 /* first.png */,
				77E5D28014E224DB00FAA1A3 /* first@2x.png */,
				77E5D28514E224DB00FAA1A3 /* second.png */,
				77E5D28714E224DC00FAA1A3 /* second@2x.png */,
			);
			name = Resources;
			sourceTree = "<group>";
		};
		BD43C21415DF56D600D58466 /* Controller */ = {
			isa = PBXGroup;
			children = (
				77E5D27B14E224DB00FAA1A3 /* MMEpisodeListViewController.h */,
				77E5D27C14E224DB00FAA1A3 /* MMEpisodeListViewController.m */,
				BDCEF21215F3FD1900280AAB /* MMVideoListViewController.h */,
				BDCEF21315F3FD1900280AAB /* MMVideoListViewController.m */,
				BD43C21D15DF6B3200D58466 /* MMOverlayViewController.h */,
				BD43C21E15DF6B3200D58466 /* MMOverlayViewController.m */,
				7749D82A14E38B6300B46C1E /* MMMediaViewController.h */,
				7749D82B14E38B6300B46C1E /* MMMediaViewController.m */,
				BD74EF5815EF333C00AD0131 /* MMMoviePlayerViewController.h */,
				BD74EF5915EF333C00AD0131 /* MMMoviePlayerViewController.m */,
			);
			name = Controller;
			sourceTree = "<group>";
		};
		BD49D6D315DF4C9C001FD7F4 /* Model */ = {
			isa = PBXGroup;
			children = (
				BD49D6C515DF3E24001FD7F4 /* MMEpisodeXMLParserDelegate.h */,
				BD49D6C615DF3E24001FD7F4 /* MMEpisodeXMLParserDelegate.m */,
				BD49D6C815DF4000001FD7F4 /* MMMedia.h */,
				BD49D6C915DF4000001FD7F4 /* MMMedia.m */,
				BD49D6D515DF4CE2001FD7F4 /* MMEpisodeDataSource.h */,
				BD49D6D615DF4CE2001FD7F4 /* MMEpisodeDataSource.m */,
				BDCEF20915F3F7A100280AAB /* MMVideoDataSource.h */,
				BDCEF20A15F3F7A100280AAB /* MMVideoDataSource.m */,
				BDCEF20C15F3FB9600280AAB /* MMVideoSection.h */,
				BDCEF20D15F3FB9700280AAB /* MMVideoSection.m */,
			);
			name = Model;
			sourceTree = "<group>";
		};
		BD49D6DC15DF4F5E001FD7F4 /* View */ = {
			isa = PBXGroup;
			children = (
				77E5D27514E224DB00FAA1A3 /* MainStoryboard_iPhone.storyboard */,
				77E5D27814E224DB00FAA1A3 /* MainStoryboard_iPad.storyboard */,
				BDC6F81F15E053AB00C685B7 /* ODRefreshControl.h */,
				BDC6F82015E053AB00C685B7 /* ODRefreshControl.m */,
				BD49D6D815DF4F46001FD7F4 /* MMListTableViewCell.h */,
				BD49D6D915DF4F46001FD7F4 /* MMListTableViewCell.m */,
			);
			name = View;
			sourceTree = "<group>";
		};
		BD74EF4F15EF24BD00AD0131 /* SoundManager */ = {
			isa = PBXGroup;
			children = (
				BD74EF5015EF24BD00AD0131 /* SoundManager.h */,
				BD74EF5115EF24BD00AD0131 /* SoundManager.m */,
			);
			path = SoundManager;
			sourceTree = "<group>";
		};
		BDA5177215E8834A001979F8 /* AFNetworking */ = {
			isa = PBXGroup;
			children = (
				BDA5177315E8834A001979F8 /* AFHTTPClient.h */,
				BDA5177415E8834A001979F8 /* AFHTTPClient.m */,
				BDA5177515E8834A001979F8 /* AFHTTPRequestOperation.h */,
				BDA5177615E8834A001979F8 /* AFHTTPRequestOperation.m */,
				BDA5177715E8834A001979F8 /* AFImageRequestOperation.h */,
				BDA5177815E8834A001979F8 /* AFImageRequestOperation.m */,
				BDA5177915E8834A001979F8 /* AFJSONRequestOperation.h */,
				BDA5177A15E8834A001979F8 /* AFJSONRequestOperation.m */,
				BDA5177B15E8834A001979F8 /* AFJSONUtilities.h */,
				BDA5177C15E8834A001979F8 /* AFJSONUtilities.m */,
				BDA5177D15E8834A001979F8 /* AFNetworkActivityIndicatorManager.h */,
				BDA5177E15E8834A001979F8 /* AFNetworkActivityIndicatorManager.m */,
				BDA5177F15E8834A001979F8 /* AFNetworking.h */,
				BDA5178015E8834A001979F8 /* AFPropertyListRequestOperation.h */,
				BDA5178115E8834A001979F8 /* AFPropertyListRequestOperation.m */,
				BDA5178215E8834A001979F8 /* AFURLConnectionOperation.h */,
				BDA5178315E8834A001979F8 /* AFURLConnectionOperation.m */,
				BDA5178415E8834A001979F8 /* AFXMLRequestOperation.h */,
				BDA5178515E8834A001979F8 /* AFXMLRequestOperation.m */,
				BDA5178615E8834A001979F8 /* UIImageView+AFNetworking.h */,
				BDA5178715E8834A001979F8 /* UIImageView+AFNetworking.m */,
			);
			path = AFNetworking;
			sourceTree = "<group>";
		};
		BDCEF1E015F3F72100280AAB /* SBJSON */ = {
			isa = PBXGroup;
			children = (
				BDCEF1E115F3F72100280AAB /* NSObject+SBJson.h */,
				BDCEF1E215F3F72100280AAB /* NSObject+SBJson.m */,
				BDCEF1E315F3F72100280AAB /* SBJson.h */,
				BDCEF1E415F3F72100280AAB /* SBJsonParser.h */,
				BDCEF1E515F3F72100280AAB /* SBJsonParser.m */,
				BDCEF1E615F3F72100280AAB /* SBJsonStreamParser.h */,
				BDCEF1E715F3F72100280AAB /* SBJsonStreamParser.m */,
				BDCEF1E815F3F72100280AAB /* SBJsonStreamParserAccumulator.h */,
				BDCEF1E915F3F72100280AAB /* SBJsonStreamParserAccumulator.m */,
				BDCEF1EA15F3F72100280AAB /* SBJsonStreamParserAdapter.h */,
				BDCEF1EB15F3F72100280AAB /* SBJsonStreamParserAdapter.m */,
				BDCEF1EC15F3F72100280AAB /* SBJsonStreamParserState.h */,
				BDCEF1ED15F3F72100280AAB /* SBJsonStreamParserState.m */,
				BDCEF1EE15F3F72100280AAB /* SBJsonStreamWriter.h */,
				BDCEF1EF15F3F72100280AAB /* SBJsonStreamWriter.m */,
				BDCEF1F015F3F72100280AAB /* SBJsonStreamWriterAccumulator.h */,
				BDCEF1F115F3F72100280AAB /* SBJsonStreamWriterAccumulator.m */,
				BDCEF1F215F3F72100280AAB /* SBJsonStreamWriterState.h */,
				BDCEF1F315F3F72100280AAB /* SBJsonStreamWriterState.m */,
				BDCEF1F415F3F72100280AAB /* SBJsonTokeniser.h */,
				BDCEF1F515F3F72100280AAB /* SBJsonTokeniser.m */,
				BDCEF1F615F3F72100280AAB /* SBJsonUTF8Stream.h */,
				BDCEF1F715F3F72100280AAB /* SBJsonUTF8Stream.m */,
				BDCEF1F815F3F72100280AAB /* SBJsonWriter.h */,
				BDCEF1F915F3F72100280AAB /* SBJsonWriter.m */,
			);
			path = SBJSON;
			sourceTree = "<group>";
		};
		BDF77F4515F3EB3700FA64FC /* SDWebImage */ = {
			isa = PBXGroup;
			children = (
				BDF77F4615F3EB3700FA64FC /* SDImageCache.h */,
				BDF77F4715F3EB3700FA64FC /* SDImageCache.m */,
				BDF77F4815F3EB3700FA64FC /* SDImageCacheDelegate.h */,
				BDF77F4915F3EB3700FA64FC /* SDWebImageCompat.h */,
				BDF77F4A15F3EB3700FA64FC /* SDWebImageDecoder.h */,
				BDF77F4B15F3EB3700FA64FC /* SDWebImageDecoder.m */,
				BDF77F4C15F3EB3700FA64FC /* SDWebImageDownloader.h */,
				BDF77F4D15F3EB3700FA64FC /* SDWebImageDownloader.m */,
				BDF77F4E15F3EB3700FA64FC /* SDWebImageDownloaderDelegate.h */,
				BDF77F4F15F3EB3700FA64FC /* SDWebImageManager.h */,
				BDF77F5015F3EB3700FA64FC /* SDWebImageManager.m */,
				BDF77F5115F3EB3700FA64FC /* SDWebImageManagerDelegate.h */,
				BDF77F5215F3EB3700FA64FC /* SDWebImagePrefetcher.h */,
				BDF77F5315F3EB3700FA64FC /* SDWebImagePrefetcher.m */,
				BDF77F5415F3EB3700FA64FC /* UIButton+WebCache.h */,
				BDF77F5515F3EB3700FA64FC /* UIButton+WebCache.m */,
				BDF77F5615F3EB3700FA64FC /* UIImageView+WebCache.h */,
				BDF77F5715F3EB3700FA64FC /* UIImageView+WebCache.m */,
			);
			path = SDWebImage;
			sourceTree = "<group>";
		};
/* End PBXGroup section */

/* Begin PBXNativeTarget section */
		77E5D25E14E224DB00FAA1A3 /* UhhYeahDude */ = {
			isa = PBXNativeTarget;
			buildConfigurationList = 77E5D2A014E224DC00FAA1A3 /* Build configuration list for PBXNativeTarget "UhhYeahDude" */;
			buildPhases = (
				77E5D25B14E224DB00FAA1A3 /* Sources */,
				77E5D25C14E224DB00FAA1A3 /* Frameworks */,
				77E5D25D14E224DB00FAA1A3 /* Resources */,
			);
			buildRules = (
			);
			dependencies = (
			);
			name = UhhYeahDude;
			productName = UhhYeahDude;
			productReference = 77E5D25F14E224DB00FAA1A3 /* UhhYeahDude.app */;
			productType = "com.apple.product-type.application";
		};
		77E5D28D14E224DC00FAA1A3 /* UhhYeahDudeTests */ = {
			isa = PBXNativeTarget;
			buildConfigurationList = 77E5D2A314E224DC00FAA1A3 /* Build configuration list for PBXNativeTarget "UhhYeahDudeTests" */;
			buildPhases = (
				77E5D28914E224DC00FAA1A3 /* Sources */,
				77E5D28A14E224DC00FAA1A3 /* Frameworks */,
				77E5D28B14E224DC00FAA1A3 /* Resources */,
				77E5D28C14E224DC00FAA1A3 /* ShellScript */,
			);
			buildRules = (
			);
			dependencies = (
				77E5D29414E224DC00FAA1A3 /* PBXTargetDependency */,
			);
			name = UhhYeahDudeTests;
			productName = UhhYeahDudeTests;
			productReference = 77E5D28E14E224DC00FAA1A3 /* UhhYeahDudeTests.octest */;
			productType = "com.apple.product-type.bundle";
		};
/* End PBXNativeTarget section */

/* Begin PBXProject section */
		77E5D25614E224DB00FAA1A3 /* Project object */ = {
			isa = PBXProject;
			attributes = {
				LastUpgradeCheck = 0420;
			};
			buildConfigurationList = 77E5D25914E224DB00FAA1A3 /* Build configuration list for PBXProject "UhhYeahDude" */;
			compatibilityVersion = "Xcode 3.2";
			developmentRegion = English;
			hasScannedForEncodings = 0;
			knownRegions = (
				en,
			);
			mainGroup = 77E5D25414E224DB00FAA1A3;
			productRefGroup = 77E5D26014E224DB00FAA1A3 /* Products */;
			projectDirPath = "";
			projectRoot = "";
			targets = (
				77E5D25E14E224DB00FAA1A3 /* UhhYeahDude */,
				77E5D28D14E224DC00FAA1A3 /* UhhYeahDudeTests */,
			);
		};
/* End PBXProject section */

/* Begin PBXResourcesBuildPhase section */
		77E5D25D14E224DB00FAA1A3 /* Resources */ = {
			isa = PBXResourcesBuildPhase;
			buildActionMask = 2147483647;
			files = (
				77E5D26E14E224DB00FAA1A3 /* InfoPlist.strings in Resources */,
				77E5D27714E224DB00FAA1A3 /* MainStoryboard_iPhone.storyboard in Resources */,
				77E5D27A14E224DB00FAA1A3 /* MainStoryboard_iPad.storyboard in Resources */,
				77E5D27F14E224DB00FAA1A3 /* first.png in Resources */,
				77E5D28114E224DB00FAA1A3 /* first@2x.png in Resources */,
				77E5D28614E224DB00FAA1A3 /* second.png in Resources */,
				77E5D28814E224DC00FAA1A3 /* second@2x.png in Resources */,
				BD3AEDB115F2E1AB0067A8EB /* Default.png in Resources */,
				BDCEF27B15F4095900280AAB /* images in Resources */,
				BDEEDDEF15F41D1A000B58A8 /* episodes.bin in Resources */,
				BDEEDDF315F430E2000B58A8 /* videos.bin in Resources */,
				BD2D27C215F58DFC0020292D /* header.png in Resources */,
				BDD5A4C415F5CB85001A5D51 /* sethscorner.png in Resources */,
				BDD5A4CA15F5D55D001A5D51 /* videos.png in Resources */,
				BDD5A4CD15F5D673001A5D51 /* episodes.png in Resources */,
				BDD5A4CE15F5D673001A5D51 /* episodes@2x.png in Resources */,
				BDD5A4D015F5D67B001A5D51 /* videos@2x.png in Resources */,
				BDD5A4D415F5DB70001A5D51 /* tv.png in Resources */,
			);
			runOnlyForDeploymentPostprocessing = 0;
		};
		77E5D28B14E224DC00FAA1A3 /* Resources */ = {
			isa = PBXResourcesBuildPhase;
			buildActionMask = 2147483647;
			files = (
				77E5D29A14E224DC00FAA1A3 /* InfoPlist.strings in Resources */,
			);
			runOnlyForDeploymentPostprocessing = 0;
		};
/* End PBXResourcesBuildPhase section */

/* Begin PBXShellScriptBuildPhase section */
		77E5D28C14E224DC00FAA1A3 /* ShellScript */ = {
			isa = PBXShellScriptBuildPhase;
			buildActionMask = 2147483647;
			files = (
			);
			inputPaths = (
			);
			outputPaths = (
			);
			runOnlyForDeploymentPostprocessing = 0;
			shellPath = /bin/sh;
			shellScript = "# Run the unit tests in this test bundle.\n\"${SYSTEM_DEVELOPER_DIR}/Tools/RunUnitTests\"\n";
		};
/* End PBXShellScriptBuildPhase section */

/* Begin PBXSourcesBuildPhase section */
		77E5D25B14E224DB00FAA1A3 /* Sources */ = {
			isa = PBXSourcesBuildPhase;
			buildActionMask = 2147483647;
			files = (
				77E5D27014E224DB00FAA1A3 /* main.m in Sources */,
				77E5D27414E224DB00FAA1A3 /* MMAppDelegate.m in Sources */,
				77E5D27D14E224DB00FAA1A3 /* MMEpisodeListViewController.m in Sources */,
				77E5D28414E224DB00FAA1A3 /* MMSecondViewController.m in Sources */,
				7749D82C14E38B6300B46C1E /* MMMediaViewController.m in Sources */,
				774AA78114E8D39500883E5F /* MMEpisodePlayViewController.m in Sources */,
				BD49D6C715DF3E24001FD7F4 /* MMEpisodeXMLParserDelegate.m in Sources */,
				BD49D6CA15DF4000001FD7F4 /* MMMedia.m in Sources */,
				BD49D6D715DF4CE2001FD7F4 /* MMEpisodeDataSource.m in Sources */,
				BD49D6DA15DF4F46001FD7F4 /* MMListTableViewCell.m in Sources */,
				BD43C21F15DF6B3200D58466 /* MMOverlayViewController.m in Sources */,
				BDC6F82315E053DD00C685B7 /* ODRefreshControl.m in Sources */,
				BDA5178815E8834A001979F8 /* AFHTTPClient.m in Sources */,
				BDA5178915E8834A001979F8 /* AFHTTPRequestOperation.m in Sources */,
				BDA5178A15E8834A001979F8 /* AFImageRequestOperation.m in Sources */,
				BDA5178B15E8834A001979F8 /* AFJSONRequestOperation.m in Sources */,
				BDA5178C15E8834A001979F8 /* AFJSONUtilities.m in Sources */,
				BDA5178D15E8834A001979F8 /* AFNetworkActivityIndicatorManager.m in Sources */,
				BDA5178E15E8834A001979F8 /* AFPropertyListRequestOperation.m in Sources */,
				BDA5178F15E8834A001979F8 /* AFURLConnectionOperation.m in Sources */,
				BDA5179015E8834A001979F8 /* AFXMLRequestOperation.m in Sources */,
				BDA5179115E8834A001979F8 /* UIImageView+AFNetworking.m in Sources */,
				BD74EF5215EF24BD00AD0131 /* SoundManager.m in Sources */,
				BD74EF5A15EF333C00AD0131 /* MMMoviePlayerViewController.m in Sources */,
				BDF77F5815F3EB3700FA64FC /* SDImageCache.m in Sources */,
				BDF77F5915F3EB3700FA64FC /* SDWebImageDecoder.m in Sources */,
				BDF77F5A15F3EB3700FA64FC /* SDWebImageDownloader.m in Sources */,
				BDF77F5B15F3EB3700FA64FC /* SDWebImageManager.m in Sources */,
				BDF77F5C15F3EB3700FA64FC /* SDWebImagePrefetcher.m in Sources */,
				BDF77F5D15F3EB3700FA64FC /* UIButton+WebCache.m in Sources */,
				BDF77F5E15F3EB3700FA64FC /* UIImageView+WebCache.m in Sources */,
				BDCEF1FA15F3F72100280AAB /* NSObject+SBJson.m in Sources */,
				BDCEF1FB15F3F72100280AAB /* SBJsonParser.m in Sources */,
				BDCEF1FC15F3F72100280AAB /* SBJsonStreamParser.m in Sources */,
				BDCEF1FD15F3F72100280AAB /* SBJsonStreamParserAccumulator.m in Sources */,
				BDCEF1FE15F3F72100280AAB /* SBJsonStreamParserAdapter.m in Sources */,
				BDCEF1FF15F3F72100280AAB /* SBJsonStreamParserState.m in Sources */,
				BDCEF20015F3F72100280AAB /* SBJsonStreamWriter.m in Sources */,
				BDCEF20115F3F72100280AAB /* SBJsonStreamWriterAccumulator.m in Sources */,
				BDCEF20215F3F72100280AAB /* SBJsonStreamWriterState.m in Sources */,
				BDCEF20315F3F72100280AAB /* SBJsonTokeniser.m in Sources */,
				BDCEF20415F3F72100280AAB /* SBJsonUTF8Stream.m in Sources */,
				BDCEF20515F3F72100280AAB /* SBJsonWriter.m in Sources */,
				BDCEF20B15F3F7A100280AAB /* MMVideoDataSource.m in Sources */,
				BDCEF20E15F3FB9700280AAB /* MMVideoSection.m in Sources */,
				BDCEF21415F3FD1900280AAB /* MMVideoListViewController.m in Sources */,
			);
			runOnlyForDeploymentPostprocessing = 0;
		};
		77E5D28914E224DC00FAA1A3 /* Sources */ = {
			isa = PBXSourcesBuildPhase;
			buildActionMask = 2147483647;
			files = (
				77E5D29D14E224DC00FAA1A3 /* UhhYeahDudeTests.m in Sources */,
				BDC6F82115E053AB00C685B7 /* ODRefreshControl.m in Sources */,
			);
			runOnlyForDeploymentPostprocessing = 0;
		};
/* End PBXSourcesBuildPhase section */

/* Begin PBXTargetDependency section */
		77E5D29414E224DC00FAA1A3 /* PBXTargetDependency */ = {
			isa = PBXTargetDependency;
			target = 77E5D25E14E224DB00FAA1A3 /* UhhYeahDude */;
			targetProxy = 77E5D29314E224DC00FAA1A3 /* PBXContainerItemProxy */;
		};
/* End PBXTargetDependency section */

/* Begin PBXVariantGroup section */
		77E5D26C14E224DB00FAA1A3 /* InfoPlist.strings */ = {
			isa = PBXVariantGroup;
			children = (
				77E5D26D14E224DB00FAA1A3 /* en */,
			);
			name = InfoPlist.strings;
			sourceTree = "<group>";
		};
		77E5D27514E224DB00FAA1A3 /* MainStoryboard_iPhone.storyboard */ = {
			isa = PBXVariantGroup;
			children = (
				77E5D27614E224DB00FAA1A3 /* en */,
			);
			name = MainStoryboard_iPhone.storyboard;
			sourceTree = "<group>";
		};
		77E5D27814E224DB00FAA1A3 /* MainStoryboard_iPad.storyboard */ = {
			isa = PBXVariantGroup;
			children = (
				77E5D27914E224DB00FAA1A3 /* en */,
			);
			name = MainStoryboard_iPad.storyboard;
			sourceTree = "<group>";
		};
		77E5D29814E224DC00FAA1A3 /* InfoPlist.strings */ = {
			isa = PBXVariantGroup;
			children = (
				77E5D29914E224DC00FAA1A3 /* en */,
			);
			name = InfoPlist.strings;
			sourceTree = "<group>";
		};
/* End PBXVariantGroup section */

/* Begin XCBuildConfiguration section */
		77E5D29E14E224DC00FAA1A3 /* Debug */ = {
			isa = XCBuildConfiguration;
			buildSettings = {
				ALWAYS_SEARCH_USER_PATHS = NO;
				ARCHS = "$(ARCHS_STANDARD_32_BIT)";
				CLANG_ENABLE_OBJC_ARC = YES;
				"CODE_SIGN_IDENTITY[sdk=iphoneos*]" = "iPhone Developer";
				COPY_PHASE_STRIP = NO;
				GCC_C_LANGUAGE_STANDARD = gnu99;
				GCC_DYNAMIC_NO_PIC = NO;
				GCC_OPTIMIZATION_LEVEL = 0;
				GCC_PREPROCESSOR_DEFINITIONS = (
					"DEBUG=1",
					"$(inherited)",
				);
				GCC_SYMBOLS_PRIVATE_EXTERN = NO;
				GCC_VERSION = com.apple.compilers.llvm.clang.1_0;
				GCC_WARN_ABOUT_MISSING_PROTOTYPES = YES;
				GCC_WARN_ABOUT_RETURN_TYPE = YES;
				GCC_WARN_UNUSED_VARIABLE = YES;
				HEADER_SEARCH_PATHS = (
					"$(BUILT_PRODUCTS_DIR)/../three20",
					"$(BUILT_PRODUCTS_DIR)/../../three20",
					"../../Downloads/facebook-three20-527051a/Build/Products/three20",
				);
				IPHONEOS_DEPLOYMENT_TARGET = 5.0;
				OTHER_LDFLAGS = "-ObjC";
				SDKROOT = iphoneos;
				TARGETED_DEVICE_FAMILY = "1,2";
			};
			name = Debug;
		};
		77E5D29F14E224DC00FAA1A3 /* Release */ = {
			isa = XCBuildConfiguration;
			buildSettings = {
				ALWAYS_SEARCH_USER_PATHS = NO;
				ARCHS = "$(ARCHS_STANDARD_32_BIT)";
				CLANG_ENABLE_OBJC_ARC = YES;
				"CODE_SIGN_IDENTITY[sdk=iphoneos*]" = "iPhone Developer";
				COPY_PHASE_STRIP = YES;
				GCC_C_LANGUAGE_STANDARD = gnu99;
				GCC_VERSION = com.apple.compilers.llvm.clang.1_0;
				GCC_WARN_ABOUT_MISSING_PROTOTYPES = YES;
				GCC_WARN_ABOUT_RETURN_TYPE = YES;
				GCC_WARN_UNUSED_VARIABLE = YES;
				HEADER_SEARCH_PATHS = (
					"$(BUILT_PRODUCTS_DIR)/../three20",
					"$(BUILT_PRODUCTS_DIR)/../../three20",
					"../../Downloads/facebook-three20-527051a/Build/Products/three20",
				);
				IPHONEOS_DEPLOYMENT_TARGET = 5.0;
				OTHER_CFLAGS = "-DNS_BLOCK_ASSERTIONS=1";
				OTHER_LDFLAGS = "-ObjC";
				SDKROOT = iphoneos;
				TARGETED_DEVICE_FAMILY = "1,2";
				VALIDATE_PRODUCT = YES;
			};
			name = Release;
		};
		77E5D2A114E224DC00FAA1A3 /* Debug */ = {
			isa = XCBuildConfiguration;
			buildSettings = {
				CODE_SIGN_IDENTITY = "iPhone Developer";
				GCC_PRECOMPILE_PREFIX_HEADER = YES;
				GCC_PREFIX_HEADER = "UhhYeahDude/UhhYeahDude-Prefix.pch";
				INFOPLIST_FILE = "UhhYeahDude/UhhYeahDude-Info.plist";
				IPHONEOS_DEPLOYMENT_TARGET = 5.0;
				LIBRARY_SEARCH_PATHS = (
					"$(inherited)",
					"\"$(SRCROOT)\"",
					"\"$(SRCROOT)/UhhYeahDude\"",
				);
				PRODUCT_NAME = "$(TARGET_NAME)";
				PROVISIONING_PROFILE = "";
				WRAPPER_EXTENSION = app;
			};
			name = Debug;
		};
		77E5D2A214E224DC00FAA1A3 /* Release */ = {
			isa = XCBuildConfiguration;
			buildSettings = {
				CODE_SIGN_IDENTITY = "iPhone Developer";
				GCC_PRECOMPILE_PREFIX_HEADER = YES;
				GCC_PREFIX_HEADER = "UhhYeahDude/UhhYeahDude-Prefix.pch";
				INFOPLIST_FILE = "UhhYeahDude/UhhYeahDude-Info.plist";
				IPHONEOS_DEPLOYMENT_TARGET = 5.0;
				LIBRARY_SEARCH_PATHS = (
					"$(inherited)",
					"\"$(SRCROOT)\"",
					"\"$(SRCROOT)/UhhYeahDude\"",
				);
				PRODUCT_NAME = "$(TARGET_NAME)";
				PROVISIONING_PROFILE = "";
				WRAPPER_EXTENSION = app;
			};
			name = Release;
		};
		77E5D2A414E224DC00FAA1A3 /* Debug */ = {
			isa = XCBuildConfiguration;
			buildSettings = {
				BUNDLE_LOADER = "$(BUILT_PRODUCTS_DIR)/UhhYeahDude.app/UhhYeahDude";
				FRAMEWORK_SEARCH_PATHS = (
					"$(SDKROOT)/Developer/Library/Frameworks",
					"$(DEVELOPER_LIBRARY_DIR)/Frameworks",
				);
				GCC_PRECOMPILE_PREFIX_HEADER = YES;
				GCC_PREFIX_HEADER = "UhhYeahDude/UhhYeahDude-Prefix.pch";
				INFOPLIST_FILE = "UhhYeahDudeTests/UhhYeahDudeTests-Info.plist";
				PRODUCT_NAME = "$(TARGET_NAME)";
				TEST_HOST = "$(BUNDLE_LOADER)";
				WRAPPER_EXTENSION = octest;
			};
			name = Debug;
		};
		77E5D2A514E224DC00FAA1A3 /* Release */ = {
			isa = XCBuildConfiguration;
			buildSettings = {
				BUNDLE_LOADER = "$(BUILT_PRODUCTS_DIR)/UhhYeahDude.app/UhhYeahDude";
				FRAMEWORK_SEARCH_PATHS = (
					"$(SDKROOT)/Developer/Library/Frameworks",
					"$(DEVELOPER_LIBRARY_DIR)/Frameworks",
				);
				GCC_PRECOMPILE_PREFIX_HEADER = YES;
				GCC_PREFIX_HEADER = "UhhYeahDude/UhhYeahDude-Prefix.pch";
				INFOPLIST_FILE = "UhhYeahDudeTests/UhhYeahDudeTests-Info.plist";
				PRODUCT_NAME = "$(TARGET_NAME)";
				TEST_HOST = "$(BUNDLE_LOADER)";
				WRAPPER_EXTENSION = octest;
			};
			name = Release;
		};
/* End XCBuildConfiguration section */

/* Begin XCConfigurationList section */
		77E5D25914E224DB00FAA1A3 /* Build configuration list for PBXProject "UhhYeahDude" */ = {
			isa = XCConfigurationList;
			buildConfigurations = (
				77E5D29E14E224DC00FAA1A3 /* Debug */,
				77E5D29F14E224DC00FAA1A3 /* Release */,
			);
			defaultConfigurationIsVisible = 0;
			defaultConfigurationName = Release;
		};
		77E5D2A014E224DC00FAA1A3 /* Build configuration list for PBXNativeTarget "UhhYeahDude" */ = {
			isa = XCConfigurationList;
			buildConfigurations = (
				77E5D2A114E224DC00FAA1A3 /* Debug */,
				77E5D2A214E224DC00FAA1A3 /* Release */,
			);
			defaultConfigurationIsVisible = 0;
			defaultConfigurationName = Release;
		};
		77E5D2A314E224DC00FAA1A3 /* Build configuration list for PBXNativeTarget "UhhYeahDudeTests" */ = {
			isa = XCConfigurationList;
			buildConfigurations = (
				77E5D2A414E224DC00FAA1A3 /* Debug */,
				77E5D2A514E224DC00FAA1A3 /* Release */,
			);
			defaultConfigurationIsVisible = 0;
			defaultConfigurationName = Release;
		};
/* End XCConfigurationList section */
	};
	rootObject = 77E5D25614E224DB00FAA1A3 /* Project object */;
}
